{
  "pins" : [
    {
      "identity" : "swift-argument-parser",
      "kind" : "remoteSourceControl",
      "location" : "https://github.com/apple/swift-argument-parser",
      "state" : {
        "revision" : "c8ed701b513cf5177118a175d85fbbbcd707ab41",
        "version" : "1.3.0"
      }
    },
    {
      "identity" : "swiftpath",
      "kind" : "remoteSourceControl",
      "location" : "https://github.com/g-mark/SwiftPath.git",
      "state" : {
        "revision" : "17788c05603bd0e405c6571227d470aae09d7562",
        "version" : "0.4.0"
      }
    },
    {
      "identity" : "swifttreesitter",
      "kind" : "remoteSourceControl",
      "location" : "https://github.com/ChimeHQ/SwiftTreeSitter.git",
      "state" : {
        "revision" : "a9b1335d5151b62b11f07599bd07d07dc5965de3",
        "version" : "0.7.2"
      }
    },
    {
      "identity" : "tree-sitter-json",
      "kind" : "remoteSourceControl",
      "location" : "https://github.com/tree-sitter/tree-sitter-json",
      "state" : {
        "revision" : "2036eff6d355163c4d77384a90f738d284506955",
        "version" : "0.20.1"
      }
    }
  ],
  "version" : 2
}
