{
  "pins" : [
    {
      "identity" : "swift-argument-parser",
      "kind" : "remoteSourceControl",
      "location" : "https://github.com/apple/swift-argument-parser",
      "state" : {
        "revision" : "c8ed701b513cf5177118a175d85fbbbcd707ab41",
        "version" : "1.3.0"
      }
    },
    {
      "identity" : "swiftpath",
      "kind" : "remoteSourceControl",
      "location" : "https://github.com/g-mark/SwiftPath.git",
      "state" : {
        "revision" : "17788c05603bd0e405c6571227d470aae09d7562",
        "version" : "0.4.0"
      }
    }
  ],
  "version" : 2
}
